// !$*UTF8*$!
{
	archiveVersion = 1;
	classes = {
	};
	objectVersion = 50;
	objects = {

/* Begin PBXBuildFile section */
		5FF67AAB25C6BEA7007AD719 /* AppDelegate.swift in Sources */ = {isa = PBXBuildFile; fileRef = 5FF67AAA25C6BEA7007AD719 /* AppDelegate.swift */; };
		5FF67AAD25C6BEA7007AD719 /* SceneDelegate.swift in Sources */ = {isa = PBXBuildFile; fileRef = 5FF67AAC25C6BEA7007AD719 /* SceneDelegate.swift */; };
		5FF67AB225C6BEA7007AD719 /* Main.storyboard in Resources */ = {isa = PBXBuildFile; fileRef = 5FF67AB025C6BEA7007AD719 /* Main.storyboard */; };
		5FF67AB425C6BEA8007AD719 /* Assets.xcassets in Resources */ = {isa = PBXBuildFile; fileRef = 5FF67AB325C6BEA8007AD719 /* Assets.xcassets */; };
		5FF67AB725C6BEA8007AD719 /* LaunchScreen.storyboard in Resources */ = {isa = PBXBuildFile; fileRef = 5FF67AB525C6BEA8007AD719 /* LaunchScreen.storyboard */; };
		5FF67AC525C6BF44007AD719 /* HomeViewController.swift in Sources */ = {isa = PBXBuildFile; fileRef = 5FF67AC325C6BF44007AD719 /* HomeViewController.swift */; };
		5FF67AC625C6BF44007AD719 /* HomeViewController.xib in Resources */ = {isa = PBXBuildFile; fileRef = 5FF67AC425C6BF44007AD719 /* HomeViewController.xib */; };
		5FF67ACA25C6C038007AD719 /* SignInViewController.swift in Sources */ = {isa = PBXBuildFile; fileRef = 5FF67AC825C6C038007AD719 /* SignInViewController.swift */; };
		5FF67ACB25C6C038007AD719 /* SignInViewController.xib in Resources */ = {isa = PBXBuildFile; fileRef = 5FF67AC925C6C038007AD719 /* SignInViewController.xib */; };
		5FF67AD025C6C050007AD719 /* SignUpViewController.swift in Sources */ = {isa = PBXBuildFile; fileRef = 5FF67ACE25C6C050007AD719 /* SignUpViewController.swift */; };
		5FF67AD125C6C050007AD719 /* SignUpViewController.xib in Resources */ = {isa = PBXBuildFile; fileRef = 5FF67ACF25C6C050007AD719 /* SignUpViewController.xib */; };
		5FF67AD425C6CD89007AD719 /* BaseViewController.swift in Sources */ = {isa = PBXBuildFile; fileRef = 5FF67AD325C6CD89007AD719 /* BaseViewController.swift */; };
		5FF67ADF25C6F52A007AD719 /* Post.swift in Sources */ = {isa = PBXBuildFile; fileRef = 5FF67ADE25C6F52A007AD719 /* Post.swift */; };
		5FF67AE425C6F875007AD719 /* PostTableViewCell.swift in Sources */ = {isa = PBXBuildFile; fileRef = 5FF67AE225C6F875007AD719 /* PostTableViewCell.swift */; };
		5FF67AE525C6F875007AD719 /* PostTableViewCell.xib in Resources */ = {isa = PBXBuildFile; fileRef = 5FF67AE325C6F875007AD719 /* PostTableViewCell.xib */; };
/* End PBXBuildFile section */

/* Begin PBXFileReference section */
		5FF67AA725C6BEA7007AD719 /* Insta_Demo_3.app */ = {isa = PBXFileReference; explicitFileType = wrapper.application; includeInIndex = 0; path = Insta_Demo_3.app; sourceTree = BUILT_PRODUCTS_DIR; };
		5FF67AAA25C6BEA7007AD719 /* AppDelegate.swift */ = {isa = PBXFileReference; lastKnownFileType = sourcecode.swift; path = AppDelegate.swift; sourceTree = "<group>"; };
		5FF67AAC25C6BEA7007AD719 /* SceneDelegate.swift */ = {isa = PBXFileReference; lastKnownFileType = sourcecode.swift; path = SceneDelegate.swift; sourceTree = "<group>"; };
		5FF67AB125C6BEA7007AD719 /* Base */ = {isa = PBXFileReference; lastKnownFileType = file.storyboard; name = Base; path = Base.lproj/Main.storyboard; sourceTree = "<group>"; };
		5FF67AB325C6BEA8007AD719 /* Assets.xcassets */ = {isa = PBXFileReference; lastKnownFileType = folder.assetcatalog; path = Assets.xcassets; sourceTree = "<group>"; };
		5FF67AB625C6BEA8007AD719 /* Base */ = {isa = PBXFileReference; lastKnownFileType = file.storyboard; name = Base; path = Base.lproj/LaunchScreen.storyboard; sourceTree = "<group>"; };
		5FF67AB825C6BEA8007AD719 /* Info.plist */ = {isa = PBXFileReference; lastKnownFileType = text.plist.xml; path = Info.plist; sourceTree = "<group>"; };
		5FF67AC325C6BF44007AD719 /* HomeViewController.swift */ = {isa = PBXFileReference; lastKnownFileType = sourcecode.swift; path = HomeViewController.swift; sourceTree = "<group>"; };
		5FF67AC425C6BF44007AD719 /* HomeViewController.xib */ = {isa = PBXFileReference; lastKnownFileType = file.xib; path = HomeViewController.xib; sourceTree = "<group>"; };
		5FF67AC825C6C038007AD719 /* SignInViewController.swift */ = {isa = PBXFileReference; lastKnownFileType = sourcecode.swift; path = SignInViewController.swift; sourceTree = "<group>"; };
		5FF67AC925C6C038007AD719 /* SignInViewController.xib */ = {isa = PBXFileReference; lastKnownFileType = file.xib; path = SignInViewController.xib; sourceTree = "<group>"; };
		5FF67ACE25C6C050007AD719 /* SignUpViewController.swift */ = {isa = PBXFileReference; lastKnownFileType = sourcecode.swift; path = SignUpViewController.swift; sourceTree = "<group>"; };
		5FF67ACF25C6C050007AD719 /* SignUpViewController.xib */ = {isa = PBXFileReference; lastKnownFileType = file.xib; path = SignUpViewController.xib; sourceTree = "<group>"; };
		5FF67AD325C6CD89007AD719 /* BaseViewController.swift */ = {isa = PBXFileReference; lastKnownFileType = sourcecode.swift; path = BaseViewController.swift; sourceTree = "<group>"; };
		5FF67ADE25C6F52A007AD719 /* Post.swift */ = {isa = PBXFileReference; lastKnownFileType = sourcecode.swift; path = Post.swift; sourceTree = "<group>"; };
		5FF67AE225C6F875007AD719 /* PostTableViewCell.swift */ = {isa = PBXFileReference; lastKnownFileType = sourcecode.swift; path = PostTableViewCell.swift; sourceTree = "<group>"; };
		5FF67AE325C6F875007AD719 /* PostTableViewCell.xib */ = {isa = PBXFileReference; lastKnownFileType = file.xib; path = PostTableViewCell.xib; sourceTree = "<group>"; };
/* End PBXFileReference section */

/* Begin PBXFrameworksBuildPhase section */
		5FF67AA425C6BEA7007AD719 /* Frameworks */ = {
			isa = PBXFrameworksBuildPhase;
			buildActionMask = 2147483647;
			files = (
			);
			runOnlyForDeploymentPostprocessing = 0;
		};
/* End PBXFrameworksBuildPhase section */

/* Begin PBXGroup section */
		5FF67A9E25C6BEA7007AD719 = {
			isa = PBXGroup;
			children = (
				5FF67AA925C6BEA7007AD719 /* Insta_Demo_3 */,
				5FF67AA825C6BEA7007AD719 /* Products */,
			);
			sourceTree = "<group>";
		};
		5FF67AA825C6BEA7007AD719 /* Products */ = {
			isa = PBXGroup;
			children = (
				5FF67AA725C6BEA7007AD719 /* Insta_Demo_3.app */,
			);
			name = Products;
			sourceTree = "<group>";
		};
		5FF67AA925C6BEA7007AD719 /* Insta_Demo_3 */ = {
			isa = PBXGroup;
			children = (
				5FF67AE125C6F834007AD719 /* Cell */,
				5FF67AD725C6F382007AD719 /* Model */,
				5FF67AC025C6BF0C007AD719 /* Controllers */,
				5FF67AC125C6BF18007AD719 /* Apputils */,
				5FF67AAA25C6BEA7007AD719 /* AppDelegate.swift */,
				5FF67AAC25C6BEA7007AD719 /* SceneDelegate.swift */,
				5FF67AB825C6BEA8007AD719 /* Info.plist */,
			);
			path = Insta_Demo_3;
			sourceTree = "<group>";
		};
		5FF67AC025C6BF0C007AD719 /* Controllers */ = {
			isa = PBXGroup;
			children = (
				5FF67AD325C6CD89007AD719 /* BaseViewController.swift */,
				5FF67AC325C6BF44007AD719 /* HomeViewController.swift */,
				5FF67AC425C6BF44007AD719 /* HomeViewController.xib */,
				5FF67AC825C6C038007AD719 /* SignInViewController.swift */,
				5FF67AC925C6C038007AD719 /* SignInViewController.xib */,
				5FF67ACE25C6C050007AD719 /* SignUpViewController.swift */,
				5FF67ACF25C6C050007AD719 /* SignUpViewController.xib */,
			);
			path = Controllers;
			sourceTree = "<group>";
		};
		5FF67AC125C6BF18007AD719 /* Apputils */ = {
			isa = PBXGroup;
			children = (
				5FF67AB525C6BEA8007AD719 /* LaunchScreen.storyboard */,
				5FF67AB325C6BEA8007AD719 /* Assets.xcassets */,
				5FF67AB025C6BEA7007AD719 /* Main.storyboard */,
			);
			path = Apputils;
			sourceTree = "<group>";
		};
		5FF67AD725C6F382007AD719 /* Model */ = {
			isa = PBXGroup;
			children = (
				5FF67ADE25C6F52A007AD719 /* Post.swift */,
			);
			path = Model;
			sourceTree = "<group>";
		};
		5FF67AE125C6F834007AD719 /* Cell */ = {
			isa = PBXGroup;
			children = (
				5FF67AE225C6F875007AD719 /* PostTableViewCell.swift */,
				5FF67AE325C6F875007AD719 /* PostTableViewCell.xib */,
			);
			path = Cell;
			sourceTree = "<group>";
		};
/* End PBXGroup section */

/* Begin PBXNativeTarget section */
		5FF67AA625C6BEA7007AD719 /* Insta_Demo_3 */ = {
			isa = PBXNativeTarget;
			buildConfigurationList = 5FF67ABB25C6BEA8007AD719 /* Build configuration list for PBXNativeTarget "Insta_Demo_3" */;
			buildPhases = (
				5FF67AA325C6BEA7007AD719 /* Sources */,
				5FF67AA425C6BEA7007AD719 /* Frameworks */,
				5FF67AA525C6BEA7007AD719 /* Resources */,
			);
			buildRules = (
			);
			dependencies = (
			);
			name = Insta_Demo_3;
			productName = Insta_Demo_3;
			productReference = 5FF67AA725C6BEA7007AD719 /* Insta_Demo_3.app */;
			productType = "com.apple.product-type.application";
		};
/* End PBXNativeTarget section */

/* Begin PBXProject section */
		5FF67A9F25C6BEA7007AD719 /* Project object */ = {
			isa = PBXProject;
			attributes = {
				LastSwiftUpdateCheck = 1230;
				LastUpgradeCheck = 1230;
				TargetAttributes = {
					5FF67AA625C6BEA7007AD719 = {
						CreatedOnToolsVersion = 12.3;
					};
				};
			};
			buildConfigurationList = 5FF67AA225C6BEA7007AD719 /* Build configuration list for PBXProject "Insta_Demo_3" */;
			compatibilityVersion = "Xcode 9.3";
			developmentRegion = en;
			hasScannedForEncodings = 0;
			knownRegions = (
				en,
				Base,
			);
			mainGroup = 5FF67A9E25C6BEA7007AD719;
			productRefGroup = 5FF67AA825C6BEA7007AD719 /* Products */;
			projectDirPath = "";
			projectRoot = "";
			targets = (
				5FF67AA625C6BEA7007AD719 /* Insta_Demo_3 */,
			);
		};
/* End PBXProject section */

/* Begin PBXResourcesBuildPhase section */
		5FF67AA525C6BEA7007AD719 /* Resources */ = {
			isa = PBXResourcesBuildPhase;
			buildActionMask = 2147483647;
			files = (
				5FF67ACB25C6C038007AD719 /* SignInViewController.xib in Resources */,
				5FF67AB725C6BEA8007AD719 /* LaunchScreen.storyboard in Resources */,
				5FF67AB425C6BEA8007AD719 /* Assets.xcassets in Resources */,
				5FF67AB225C6BEA7007AD719 /* Main.storyboard in Resources */,
				5FF67AE525C6F875007AD719 /* PostTableViewCell.xib in Resources */,
				5FF67AD125C6C050007AD719 /* SignUpViewController.xib in Resources */,
				5FF67AC625C6BF44007AD719 /* HomeViewController.xib in Resources */,
			);
			runOnlyForDeploymentPostprocessing = 0;
		};
/* End PBXResourcesBuildPhase section */

/* Begin PBXSourcesBuildPhase section */
		5FF67AA325C6BEA7007AD719 /* Sources */ = {
			isa = PBXSourcesBuildPhase;
			buildActionMask = 2147483647;
			files = (
				5FF67ACA25C6C038007AD719 /* SignInViewController.swift in Sources */,
				5FF67AAB25C6BEA7007AD719 /* AppDelegate.swift in Sources */,
				5FF67AAD25C6BEA7007AD719 /* SceneDelegate.swift in Sources */,
				5FF67AE425C6F875007AD719 /* PostTableViewCell.swift in Sources */,
				5FF67AC525C6BF44007AD719 /* HomeViewController.swift in Sources */,
				5FF67AD025C6C050007AD719 /* SignUpViewController.swift in Sources */,
				5FF67ADF25C6F52A007AD719 /* Post.swift in Sources */,
				5FF67AD425C6CD89007AD719 /* BaseViewController.swift in Sources */,
			);
			runOnlyForDeploymentPostprocessing = 0;
		};
/* End PBXSourcesBuildPhase section */

/* Begin PBXVariantGroup section */
		5FF67AB025C6BEA7007AD719 /* Main.storyboard */ = {
			isa = PBXVariantGroup;
			children = (
				5FF67AB125C6BEA7007AD719 /* Base */,
			);
			name = Main.storyboard;
			sourceTree = "<group>";
		};
		5FF67AB525C6BEA8007AD719 /* LaunchScreen.storyboard */ = {
			isa = PBXVariantGroup;
			children = (
				5FF67AB625C6BEA8007AD719 /* Base */,
			);
			name = LaunchScreen.storyboard;
			sourceTree = "<group>";
		};
/* End PBXVariantGroup section */

/* Begin XCBuildConfiguration section */
		5FF67AB925C6BEA8007AD719 /* Debug */ = {
			isa = XCBuildConfiguration;
			buildSettings = {
				ALWAYS_SEARCH_USER_PATHS = NO;
				CLANG_ANALYZER_NONNULL = YES;
				CLANG_ANALYZER_NUMBER_OBJECT_CONVERSION = YES_AGGRESSIVE;
				CLANG_CXX_LANGUAGE_STANDARD = "gnu++14";
				CLANG_CXX_LIBRARY = "libc++";
				CLANG_ENABLE_MODULES = YES;
				CLANG_ENABLE_OBJC_ARC = YES;
				CLANG_ENABLE_OBJC_WEAK = YES;
				CLANG_WARN_BLOCK_CAPTURE_AUTORELEASING = YES;
				CLANG_WARN_BOOL_CONVERSION = YES;
				CLANG_WARN_COMMA = YES;
				CLANG_WARN_CONSTANT_CONVERSION = YES;
				CLANG_WARN_DEPRECATED_OBJC_IMPLEMENTATIONS = YES;
				CLANG_WARN_DIRECT_OBJC_ISA_USAGE = YES_ERROR;
				CLANG_WARN_DOCUMENTATION_COMMENTS = YES;
				CLANG_WARN_EMPTY_BODY = YES;
				CLANG_WARN_ENUM_CONVERSION = YES;
				CLANG_WARN_INFINITE_RECURSION = YES;
				CLANG_WARN_INT_CONVERSION = YES;
				CLANG_WARN_NON_LITERAL_NULL_CONVERSION = YES;
				CLANG_WARN_OBJC_IMPLICIT_RETAIN_SELF = YES;
				CLANG_WARN_OBJC_LITERAL_CONVERSION = YES;
				CLANG_WARN_OBJC_ROOT_CLASS = YES_ERROR;
				CLANG_WARN_QUOTED_INCLUDE_IN_FRAMEWORK_HEADER = YES;
				CLANG_WARN_RANGE_LOOP_ANALYSIS = YES;
				CLANG_WARN_STRICT_PROTOTYPES = YES;
				CLANG_WARN_SUSPICIOUS_MOVE = YES;
				CLANG_WARN_UNGUARDED_AVAILABILITY = YES_AGGRESSIVE;
				CLANG_WARN_UNREACHABLE_CODE = YES;
				CLANG_WARN__DUPLICATE_METHOD_MATCH = YES;
				COPY_PHASE_STRIP = NO;
				DEBUG_INFORMATION_FORMAT = dwarf;
				ENABLE_STRICT_OBJC_MSGSEND = YES;
				ENABLE_TESTABILITY = YES;
				GCC_C_LANGUAGE_STANDARD = gnu11;
				GCC_DYNAMIC_NO_PIC = NO;
				GCC_NO_COMMON_BLOCKS = YES;
				GCC_OPTIMIZATION_LEVEL = 0;
				GCC_PREPROCESSOR_DEFINITIONS = (
					"DEBUG=1",
					"$(inherited)",
				);
				GCC_WARN_64_TO_32_BIT_CONVERSION = YES;
				GCC_WARN_ABOUT_RETURN_TYPE = YES_ERROR;
				GCC_WARN_UNDECLARED_SELECTOR = YES;
				GCC_WARN_UNINITIALIZED_AUTOS = YES_AGGRESSIVE;
				GCC_WARN_UNUSED_FUNCTION = YES;
				GCC_WARN_UNUSED_VARIABLE = YES;
				IPHONEOS_DEPLOYMENT_TARGET = 14.3;
				MTL_ENABLE_DEBUG_INFO = INCLUDE_SOURCE;
				MTL_FAST_MATH = YES;
				ONLY_ACTIVE_ARCH = YES;
				SDKROOT = iphoneos;
				SWIFT_ACTIVE_COMPILATION_CONDITIONS = DEBUG;
				SWIFT_OPTIMIZATION_LEVEL = "-Onone";
			};
			name = Debug;
		};
		5FF67ABA25C6BEA8007AD719 /* Release */ = {
			isa = XCBuildConfiguration;
			buildSettings = {
				ALWAYS_SEARCH_USER_PATHS = NO;
				CLANG_ANALYZER_NONNULL = YES;
				CLANG_ANALYZER_NUMBER_OBJECT_CONVERSION = YES_AGGRESSIVE;
				CLANG_CXX_LANGUAGE_STANDARD = "gnu++14";
				CLANG_CXX_LIBRARY = "libc++";
				CLANG_ENABLE_MODULES = YES;
				CLANG_ENABLE_OBJC_ARC = YES;
				CLANG_ENABLE_OBJC_WEAK = YES;
				CLANG_WARN_BLOCK_CAPTURE_AUTORELEASING = YES;
				CLANG_WARN_BOOL_CONVERSION = YES;
				CLANG_WARN_COMMA = YES;
				CLANG_WARN_CONSTANT_CONVERSION = YES;
				CLANG_WARN_DEPRECATED_OBJC_IMPLEMENTATIONS = YES;
				CLANG_WARN_DIRECT_OBJC_ISA_USAGE = YES_ERROR;
				CLANG_WARN_DOCUMENTATION_COMMENTS = YES;
				CLANG_WARN_EMPTY_BODY = YES;
				CLANG_WARN_ENUM_CONVERSION = YES;
				CLANG_WARN_INFINITE_RECURSION = YES;
				CLANG_WARN_INT_CONVERSION = YES;
				CLANG_WARN_NON_LITERAL_NULL_CONVERSION = YES;
				CLANG_WARN_OBJC_IMPLICIT_RETAIN_SELF = YES;
				CLANG_WARN_OBJC_LITERAL_CONVERSION = YES;
				CLANG_WARN_OBJC_ROOT_CLASS = YES_ERROR;
				CLANG_WARN_QUOTED_INCLUDE_IN_FRAMEWORK_HEADER = YES;
				CLANG_WARN_RANGE_LOOP_ANALYSIS = YES;
				CLANG_WARN_STRICT_PROTOTYPES = YES;
				CLANG_WARN_SUSPICIOUS_MOVE = YES;
				CLANG_WARN_UNGUARDED_AVAILABILITY = YES_AGGRESSIVE;
				CLANG_WARN_UNREACHABLE_CODE = YES;
				CLANG_WARN__DUPLICATE_METHOD_MATCH = YES;
				COPY_PHASE_STRIP = NO;
				DEBUG_INFORMATION_FORMAT = "dwarf-with-dsym";
				ENABLE_NS_ASSERTIONS = NO;
				ENABLE_STRICT_OBJC_MSGSEND = YES;
				GCC_C_LANGUAGE_STANDARD = gnu11;
				GCC_NO_COMMON_BLOCKS = YES;
				GCC_WARN_64_TO_32_BIT_CONVERSION = YES;
				GCC_WARN_ABOUT_RETURN_TYPE = YES_ERROR;
				GCC_WARN_UNDECLARED_SELECTOR = YES;
				GCC_WARN_UNINITIALIZED_AUTOS = YES_AGGRESSIVE;
				GCC_WARN_UNUSED_FUNCTION = YES;
				GCC_WARN_UNUSED_VARIABLE = YES;
				IPHONEOS_DEPLOYMENT_TARGET = 14.3;
				MTL_ENABLE_DEBUG_INFO = NO;
				MTL_FAST_MATH = YES;
				SDKROOT = iphoneos;
				SWIFT_COMPILATION_MODE = wholemodule;
				SWIFT_OPTIMIZATION_LEVEL = "-O";
				VALIDATE_PRODUCT = YES;
			};
			name = Release;
		};
		5FF67ABC25C6BEA8007AD719 /* Debug */ = {
			isa = XCBuildConfiguration;
			buildSettings = {
				ASSETCATALOG_COMPILER_APPICON_NAME = AppIcon;
				ASSETCATALOG_COMPILER_GLOBAL_ACCENT_COLOR_NAME = AccentColor;
				CODE_SIGN_STYLE = Automatic;
				INFOPLIST_FILE = Insta_Demo_3/Info.plist;
				LD_RUNPATH_SEARCH_PATHS = (
					"$(inherited)",
					"@executable_path/Frameworks",
				);
				PRODUCT_BUNDLE_IDENTIFIER = "mrdunacdtm-gmail.com.Insta-Demo-3";
				PRODUCT_NAME = "$(TARGET_NAME)";
				SWIFT_VERSION = 5.0;
				TARGETED_DEVICE_FAMILY = "1,2";
			};
			name = Debug;
		};
		5FF67ABD25C6BEA8007AD719 /* Release */ = {
			isa = XCBuildConfiguration;
			buildSettings = {
				ASSETCATALOG_COMPILER_APPICON_NAME = AppIcon;
				ASSETCATALOG_COMPILER_GLOBAL_ACCENT_COLOR_NAME = AccentColor;
				CODE_SIGN_STYLE = Automatic;
				INFOPLIST_FILE = Insta_Demo_3/Info.plist;
				LD_RUNPATH_SEARCH_PATHS = (
					"$(inherited)",
					"@executable_path/Frameworks",
				);
				PRODUCT_BUNDLE_IDENTIFIER = "mrdunacdtm-gmail.com.Insta-Demo-3";
				PRODUCT_NAME = "$(TARGET_NAME)";
				SWIFT_VERSION = 5.0;
				TARGETED_DEVICE_FAMILY = "1,2";
			};
			name = Release;
		};
/* End XCBuildConfiguration section */

/* Begin XCConfigurationList section */
		5FF67AA225C6BEA7007AD719 /* Build configuration list for PBXProject "Insta_Demo_3" */ = {
			isa = XCConfigurationList;
			buildConfigurations = (
				5FF67AB925C6BEA8007AD719 /* Debug */,
				5FF67ABA25C6BEA8007AD719 /* Release */,
			);
			defaultConfigurationIsVisible = 0;
			defaultConfigurationName = Release;
		};
		5FF67ABB25C6BEA8007AD719 /* Build configuration list for PBXNativeTarget "Insta_Demo_3" */ = {
			isa = XCConfigurationList;
			buildConfigurations = (
				5FF67ABC25C6BEA8007AD719 /* Debug */,
				5FF67ABD25C6BEA8007AD719 /* Release */,
			);
			defaultConfigurationIsVisible = 0;
			defaultConfigurationName = Release;
		};
/* End XCConfigurationList section */
	};
	rootObject = 5FF67A9F25C6BEA7007AD719 /* Project object */;
}
